
Microsoft Visual Studio Solution File, Format Version 12.00
# Visual Studio 15
VisualStudioVersion = 15.0.27130.2027
MinimumVisualStudioVersion = 10.0.40219.1
Project("{9A19103F-16F7-4668-BE54-9A1E7A4F7556}") = "EIP.System.Business", "Service\System\EIP.System.Business\EIP.System.Business.csproj", "{B1677B1E-D670-4EE5-9774-C813DA2D1B10}"
EndProject
Project("{2150E333-8FDC-42A3-9474-1A3956D46DE8}") = "02-Service", "02-Service", "{EF8C1F38-3825-4F51-8ED0-226DA6F2EEF2}"
EndProject
Project("{2150E333-8FDC-42A3-9474-1A3956D46DE8}") = "01-Core", "01-Core", "{56F2B292-C2BD-4DF8-AFC4-0C90FD6CB483}"
EndProject
Project("{2150E333-8FDC-42A3-9474-1A3956D46DE8}") = "02.01-System", "02.01-System", "{CC5E4B7C-6486-4C33-8484-11EC4557AD09}"
EndProject
Project("{9A19103F-16F7-4668-BE54-9A1E7A4F7556}") = "EIP.System.DataAccess", "Service\System\EIP.System.DataAccess\EIP.System.DataAccess.csproj", "{3FBD00C5-1695-4D18-AE7E-A03BABBAA5FA}"
EndProject
Project("{2150E333-8FDC-42A3-9474-1A3956D46DE8}") = "03-Common", "03-Common", "{5DD317DD-5FEE-405F-945B-8668C7AB3509}"
EndProject
Project("{9A19103F-16F7-4668-BE54-9A1E7A4F7556}") = "EIP.Common.Business", "Common\EIP.Common.Business\EIP.Common.Business.csproj", "{5AC1FBBB-2974-46E3-BC9F-03D09660E178}"
EndProject
Project("{9A19103F-16F7-4668-BE54-9A1E7A4F7556}") = "EIP.System.Models", "Service\System\EIP.System.Models\EIP.System.Models.csproj", "{4E7F8D18-3F9C-4FE5-B5FE-D22C148A4FD1}"
EndProject
Project("{9A19103F-16F7-4668-BE54-9A1E7A4F7556}") = "EIP.Common.Cache", "Common\EIP.Common.Cache\EIP.Common.Cache.csproj", "{ED9E5180-3C7F-477A-8BFD-5CC361684465}"
EndProject
Project("{9A19103F-16F7-4668-BE54-9A1E7A4F7556}") = "EIP.Common.Core", "Common\EIP.Common.Core\EIP.Common.Core.csproj", "{8952D26F-1573-4C17-9511-F5FCCDEDC482}"
EndProject
Project("{9A19103F-16F7-4668-BE54-9A1E7A4F7556}") = "EIP.Common.Dapper", "Common\EIP.Common.Dapper\EIP.Common.Dapper.csproj", "{49157F21-D92D-410A-AA90-A96988A111E0}"
EndProject
Project("{9A19103F-16F7-4668-BE54-9A1E7A4F7556}") = "EIP.Common.DataAccess", "Common\EIP.Common.DataAccess\EIP.Common.DataAccess.csproj", "{D83DBCCB-042E-4F1E-A1D2-43EAFFB19A2E}"
EndProject
Project("{9A19103F-16F7-4668-BE54-9A1E7A4F7556}") = "EIP.Common.Entities", "Common\EIP.Common.Entities\EIP.Common.Entities.csproj", "{BB2CA672-9625-4686-8516-B202DC7C1D45}"
EndProject
Project("{9A19103F-16F7-4668-BE54-9A1E7A4F7556}") = "EIP.Common.Restful", "Common\EIP.Common.Restful\EIP.Common.Restful.csproj", "{AFF0AC65-F48C-469E-9E0A-D1F7894611F7}"
EndProject
Project("{9A19103F-16F7-4668-BE54-9A1E7A4F7556}") = "EIP", "Core\EIP\EIP.csproj", "{5D08A542-ABEC-4791-B12C-663768FE3E54}"
EndProject
Project("{9A19103F-16F7-4668-BE54-9A1E7A4F7556}") = "EIP.Common.Quartz", "Common\EIP.Common.Quartz\EIP.Common.Quartz.csproj", "{0D4C70CD-2CD9-4312-97C8-918B83AFAB20}"
EndProject
Global
	GlobalSection(SolutionConfigurationPlatforms) = preSolution
		Debug|Any CPU = Debug|Any CPU
		Release|Any CPU = Release|Any CPU
	EndGlobalSection
	GlobalSection(ProjectConfigurationPlatforms) = postSolution
		{B1677B1E-D670-4EE5-9774-C813DA2D1B10}.Debug|Any CPU.ActiveCfg = Debug|Any CPU
		{B1677B1E-D670-4EE5-9774-C813DA2D1B10}.Debug|Any CPU.Build.0 = Debug|Any CPU
		{B1677B1E-D670-4EE5-9774-C813DA2D1B10}.Release|Any CPU.ActiveCfg = Release|Any CPU
		{B1677B1E-D670-4EE5-9774-C813DA2D1B10}.Release|Any CPU.Build.0 = Release|Any CPU
		{3FBD00C5-1695-4D18-AE7E-A03BABBAA5FA}.Debug|Any CPU.ActiveCfg = Debug|Any CPU
		{3FBD00C5-1695-4D18-AE7E-A03BABBAA5FA}.Debug|Any CPU.Build.0 = Debug|Any CPU
		{3FBD00C5-1695-4D18-AE7E-A03BABBAA5FA}.Release|Any CPU.ActiveCfg = Release|Any CPU
		{3FBD00C5-1695-4D18-AE7E-A03BABBAA5FA}.Release|Any CPU.Build.0 = Release|Any CPU
		{5AC1FBBB-2974-46E3-BC9F-03D09660E178}.Debug|Any CPU.ActiveCfg = Debug|Any CPU
		{5AC1FBBB-2974-46E3-BC9F-03D09660E178}.Debug|Any CPU.Build.0 = Debug|Any CPU
		{5AC1FBBB-2974-46E3-BC9F-03D09660E178}.Release|Any CPU.ActiveCfg = Release|Any CPU
		{5AC1FBBB-2974-46E3-BC9F-03D09660E178}.Release|Any CPU.Build.0 = Release|Any CPU
		{4E7F8D18-3F9C-4FE5-B5FE-D22C148A4FD1}.Debug|Any CPU.ActiveCfg = Debug|Any CPU
		{4E7F8D18-3F9C-4FE5-B5FE-D22C148A4FD1}.Debug|Any CPU.Build.0 = Debug|Any CPU
		{4E7F8D18-3F9C-4FE5-B5FE-D22C148A4FD1}.Release|Any CPU.ActiveCfg = Release|Any CPU
		{4E7F8D18-3F9C-4FE5-B5FE-D22C148A4FD1}.Release|Any CPU.Build.0 = Release|Any CPU
		{ED9E5180-3C7F-477A-8BFD-5CC361684465}.Debug|Any CPU.ActiveCfg = Debug|Any CPU
		{ED9E5180-3C7F-477A-8BFD-5CC361684465}.Debug|Any CPU.Build.0 = Debug|Any CPU
		{ED9E5180-3C7F-477A-8BFD-5CC361684465}.Release|Any CPU.ActiveCfg = Release|Any CPU
		{ED9E5180-3C7F-477A-8BFD-5CC361684465}.Release|Any CPU.Build.0 = Release|Any CPU
		{8952D26F-1573-4C17-9511-F5FCCDEDC482}.Debug|Any CPU.ActiveCfg = Debug|Any CPU
		{8952D26F-1573-4C17-9511-F5FCCDEDC482}.Debug|Any CPU.Build.0 = Debug|Any CPU
		{8952D26F-1573-4C17-9511-F5FCCDEDC482}.Release|Any CPU.ActiveCfg = Release|Any CPU
		{8952D26F-1573-4C17-9511-F5FCCDEDC482}.Release|Any CPU.Build.0 = Release|Any CPU
		{49157F21-D92D-410A-AA90-A96988A111E0}.Debug|Any CPU.ActiveCfg = Debug|Any CPU
		{49157F21-D92D-410A-AA90-A96988A111E0}.Debug|Any CPU.Build.0 = Debug|Any CPU
		{49157F21-D92D-410A-AA90-A96988A111E0}.Release|Any CPU.ActiveCfg = Release|Any CPU
		{49157F21-D92D-410A-AA90-A96988A111E0}.Release|Any CPU.Build.0 = Release|Any CPU
		{D83DBCCB-042E-4F1E-A1D2-43EAFFB19A2E}.Debug|Any CPU.ActiveCfg = Debug|Any CPU
		{D83DBCCB-042E-4F1E-A1D2-43EAFFB19A2E}.Debug|Any CPU.Build.0 = Debug|Any CPU
		{D83DBCCB-042E-4F1E-A1D2-43EAFFB19A2E}.Release|Any CPU.ActiveCfg = Release|Any CPU
		{D83DBCCB-042E-4F1E-A1D2-43EAFFB19A2E}.Release|Any CPU.Build.0 = Release|Any CPU
		{BB2CA672-9625-4686-8516-B202DC7C1D45}.Debug|Any CPU.ActiveCfg = Debug|Any CPU
		{BB2CA672-9625-4686-8516-B202DC7C1D45}.Debug|Any CPU.Build.0 = Debug|Any CPU
		{BB2CA672-9625-4686-8516-B202DC7C1D45}.Release|Any CPU.ActiveCfg = Release|Any CPU
		{BB2CA672-9625-4686-8516-B202DC7C1D45}.Release|Any CPU.Build.0 = Release|Any CPU
		{AFF0AC65-F48C-469E-9E0A-D1F7894611F7}.Debug|Any CPU.ActiveCfg = Debug|Any CPU
		{AFF0AC65-F48C-469E-9E0A-D1F7894611F7}.Debug|Any CPU.Build.0 = Debug|Any CPU
		{AFF0AC65-F48C-469E-9E0A-D1F7894611F7}.Release|Any CPU.ActiveCfg = Release|Any CPU
		{AFF0AC65-F48C-469E-9E0A-D1F7894611F7}.Release|Any CPU.Build.0 = Release|Any CPU
		{5D08A542-ABEC-4791-B12C-663768FE3E54}.Debug|Any CPU.ActiveCfg = Debug|Any CPU
		{5D08A542-ABEC-4791-B12C-663768FE3E54}.Debug|Any CPU.Build.0 = Debug|Any CPU
		{5D08A542-ABEC-4791-B12C-663768FE3E54}.Release|Any CPU.ActiveCfg = Release|Any CPU
		{5D08A542-ABEC-4791-B12C-663768FE3E54}.Release|Any CPU.Build.0 = Release|Any CPU
		{0D4C70CD-2CD9-4312-97C8-918B83AFAB20}.Debug|Any CPU.ActiveCfg = Debug|Any CPU
		{0D4C70CD-2CD9-4312-97C8-918B83AFAB20}.Debug|Any CPU.Build.0 = Debug|Any CPU
		{0D4C70CD-2CD9-4312-97C8-918B83AFAB20}.Release|Any CPU.ActiveCfg = Release|Any CPU
		{0D4C70CD-2CD9-4312-97C8-918B83AFAB20}.Release|Any CPU.Build.0 = Release|Any CPU
	EndGlobalSection
	GlobalSection(SolutionProperties) = preSolution
		HideSolutionNode = FALSE
	EndGlobalSection
	GlobalSection(NestedProjects) = preSolution
		{B1677B1E-D670-4EE5-9774-C813DA2D1B10} = {CC5E4B7C-6486-4C33-8484-11EC4557AD09}
		{CC5E4B7C-6486-4C33-8484-11EC4557AD09} = {EF8C1F38-3825-4F51-8ED0-226DA6F2EEF2}
		{3FBD00C5-1695-4D18-AE7E-A03BABBAA5FA} = {CC5E4B7C-6486-4C33-8484-11EC4557AD09}
		{5AC1FBBB-2974-46E3-BC9F-03D09660E178} = {5DD317DD-5FEE-405F-945B-8668C7AB3509}
		{4E7F8D18-3F9C-4FE5-B5FE-D22C148A4FD1} = {CC5E4B7C-6486-4C33-8484-11EC4557AD09}
		{ED9E5180-3C7F-477A-8BFD-5CC361684465} = {5DD317DD-5FEE-405F-945B-8668C7AB3509}
		{8952D26F-1573-4C17-9511-F5FCCDEDC482} = {5DD317DD-5FEE-405F-945B-8668C7AB3509}
		{49157F21-D92D-410A-AA90-A96988A111E0} = {5DD317DD-5FEE-405F-945B-8668C7AB3509}
		{D83DBCCB-042E-4F1E-A1D2-43EAFFB19A2E} = {5DD317DD-5FEE-405F-945B-8668C7AB3509}
		{BB2CA672-9625-4686-8516-B202DC7C1D45} = {5DD317DD-5FEE-405F-945B-8668C7AB3509}
		{AFF0AC65-F48C-469E-9E0A-D1F7894611F7} = {5DD317DD-5FEE-405F-945B-8668C7AB3509}
		{5D08A542-ABEC-4791-B12C-663768FE3E54} = {56F2B292-C2BD-4DF8-AFC4-0C90FD6CB483}
		{0D4C70CD-2CD9-4312-97C8-918B83AFAB20} = {5DD317DD-5FEE-405F-945B-8668C7AB3509}
	EndGlobalSection
	GlobalSection(ExtensibilityGlobals) = postSolution
		SolutionGuid = {C9C5B2EE-63FC-4B4B-9AB5-EE9C37196DA1}
	EndGlobalSection
EndGlobal
